{
  "name": "q1",
  "version": "1.0.0",
  "lockfileVersion": 1,
  "requires": true,
  "dependencies": {
    "Base64": {
      "version": "0.2.1",
      "resolved": "https://registry.npmjs.org/Base64/-/Base64-0.2.1.tgz",
      "integrity": "sha1-ujpCMHCOGGcFBl5mur3Uw1z2ACg="
    },
    "dom-walk": {
      "version": "0.1.1",
      "resolved": "https://registry.npmjs.org/dom-walk/-/dom-walk-0.1.1.tgz",
      "integrity": "sha1-ZyIm3HTI95mtNTB9+TaroRrNYBg="
    },
    "global": {
      "version": "4.3.2",
      "resolved": "https://registry.npmjs.org/global/-/global-4.3.2.tgz",
      "integrity": "sha1-52mJJopsdMOJCLEwWxD8DjlOnQ8=",
      "requires": {
        "min-document": "^2.19.0",
        "process": "~0.5.1"
      }
    },
    "http-browserify": {
      "version": "1.7.0",
      "resolved": "https://registry.npmjs.org/http-browserify/-/http-browserify-1.7.0.tgz",
      "integrity": "sha1-M3la3nLfiKz7/TZ3PO/tp2RzWyA=",
      "requires": {
        "Base64": "~0.2.0",
        "inherits": "~2.0.1"
      }
    },
    "inherits": {
      "version": "2.0.3",
      "resolved": "https://registry.npmjs.org/inherits/-/inherits-2.0.3.tgz",
      "integrity": "sha1-Yzwsg+PaQqUC9SRmAiSA9CCCYd4="
    },
    "jquery": {
      "version": "3.3.1",
      "resolved": "https://registry.npmjs.org/jquery/-/jquery-3.3.1.tgz",
      "integrity": "sha512-Ubldcmxp5np52/ENotGxlLe6aGMvmF4R8S6tZjsP6Knsaxd/xp3Zrh50cG93lR6nPXyUFwzN3ZSOQI0wRJNdGg=="
    },
    "mediaelement": {
      "version": "4.2.9",
      "resolved": "https://registry.npmjs.org/mediaelement/-/mediaelement-4.2.9.tgz",
      "integrity": "sha512-/t+7fJaZQySDjVyLgW/D4axT8s93gn2rHkXVWa31pJnctdaRuL3fX9VL+iMFoi2iZFpTZU9bA+8MPrlr6a7W1w==",
      "requires": {
        "global": "^4.3.1"
      }
    },
    "mediaelement-plugins": {
      "version": "2.5.0",
      "resolved": "https://registry.npmjs.org/mediaelement-plugins/-/mediaelement-plugins-2.5.0.tgz",
      "integrity": "sha512-MokCToMlroarsOPOrsRcWXM8IGJrSPf2jZrd+Pr3I5xzCFVb9L3VNfq3Ts2MiIaxGZwB5OaWNQ4b1A7Z6zGFug==",
      "requires": {
        "global": "^4.3.1",
        "mediaelement": "^4.0.7"
      }
    },
    "min-document": {
      "version": "2.19.0",
      "resolved": "https://registry.npmjs.org/min-document/-/min-document-2.19.0.tgz",
      "integrity": "sha1-e9KC4/WELtKVu3SM3Z8f+iyCRoU=",
      "requires": {
        "dom-walk": "^0.1.0"
      }
    },
    "network-speed": {
      "version": "2.0.0",
      "resolved": "https://registry.npmjs.org/network-speed/-/network-speed-2.0.0.tgz",
      "integrity": "sha512-vXY0bSZz2stpB76eSxAKI79gybu/6GfQCe+U9vEbwKEpQd64nEzwsrbnGvKVfO169KzR0sbO+VFjASjmWU3EbQ==",
      "requires": {
        "http-browserify": "^1.7.0"
      }
    },
    "process": {
      "version": "0.5.2",
      "resolved": "https://registry.npmjs.org/process/-/process-0.5.2.tgz",
      "integrity": "sha1-FjjYqONML0QKkduVq5rrZ3/Bhc8="
    },
    "vmap": {
      "version": "2.2.2",
      "resolved": "https://registry.npmjs.org/vmap/-/vmap-2.2.2.tgz",
      "integrity": "sha512-z4m1Y51FUye8sZfFR3wj1ueQX1NXZ2e+ZoM/Gt5KNtQGQjLDucYIKeBC0qfpZMuSkmxMXuudaqt2q9FfrBuSxg=="
    }
  }
}
