{
  "name": "dash-plugin",
  "version": "1.0.0",
  "lockfileVersion": 1,
  "requires": true,
  "dependencies": {
    "Base64": {
      "version": "0.2.1",
      "resolved": "https://registry.npmjs.org/Base64/-/Base64-0.2.1.tgz",
      "integrity": "sha1-ujpCMHCOGGcFBl5mur3Uw1z2ACg="
    },
    "http-browserify": {
      "version": "1.7.0",
      "resolved": "https://registry.npmjs.org/http-browserify/-/http-browserify-1.7.0.tgz",
      "integrity": "sha1-M3la3nLfiKz7/TZ3PO/tp2RzWyA=",
      "requires": {
        "Base64": "~0.2.0",
        "inherits": "~2.0.1"
      }
    },
    "inherits": {
      "version": "2.0.3",
      "resolved": "https://registry.npmjs.org/inherits/-/inherits-2.0.3.tgz",
      "integrity": "sha1-Yzwsg+PaQqUC9SRmAiSA9CCCYd4="
    },
    "network-speed": {
      "version": "2.0.0",
      "resolved": "https://registry.npmjs.org/network-speed/-/network-speed-2.0.0.tgz",
      "integrity": "sha512-vXY0bSZz2stpB76eSxAKI79gybu/6GfQCe+U9vEbwKEpQd64nEzwsrbnGvKVfO169KzR0sbO+VFjASjmWU3EbQ==",
      "requires": {
        "http-browserify": "^1.7.0"
      }
    }
  }
}
